// !$*UTF8*$!
{
	archiveVersion = 1;
	classes = {
	};
	objectVersion = 56;
	objects = {

/* Begin PBXBuildFile section */
		010000000000000000000001 /* InsideCoverApp.swift in Sources */ = {isa = PBXBuildFile; fileRef = 010000000000000000000101 /* InsideCoverApp.swift */; };
		010000000000000000000002 /* ContentView.swift in Sources */ = {isa = PBXBuildFile; fileRef = 010000000000000000000102 /* ContentView.swift */; };
		010000000000000000000003 /* InsideCoverState.swift in Sources */ = {isa = PBXBuildFile; fileRef = 010000000000000000000103 /* InsideCoverState.swift */; };
		010000000000000000000004 /* InsideCoverStore.swift in Sources */ = {isa = PBXBuildFile; fileRef = 010000000000000000000104 /* InsideCoverStore.swift */; };
		010000000000000000000005 /* widget-state.json in Resources */ = {isa = PBXBuildFile; fileRef = 010000000000000000000105 /* widget-state.json */; };
		010000000000000000000006 /* InsideCoverWidgetBundle.swift in Sources */ = {isa = PBXBuildFile; fileRef = 010000000000000000000106 /* InsideCoverWidgetBundle.swift */; };
		010000000000000000000007 /* InsideCoverWidget.swift in Sources */ = {isa = PBXBuildFile; fileRef = 010000000000000000000107 /* InsideCoverWidget.swift */; };
		010000000000000000000008 /* InsideCoverState.swift in Sources */ = {isa = PBXBuildFile; fileRef = 010000000000000000000103 /* InsideCoverState.swift */; };
		010000000000000000000009 /* InsideCoverStore.swift in Sources */ = {isa = PBXBuildFile; fileRef = 010000000000000000000104 /* InsideCoverStore.swift */; };
		01000000000000000000000A /* widget-state.json in Resources */ = {isa = PBXBuildFile; fileRef = 010000000000000000000105 /* widget-state.json */; };
		01000000000000000000000B /* InsideCoverWidgetExtension.appex in Embed App Extensions */ = {isa = PBXBuildFile; fileRef = 010000000000000000000202 /* InsideCoverWidgetExtension.appex */; settings = {ATTRIBUTES = (RemoveHeadersOnCopy, ); }; };
/* End PBXBuildFile section */

/* Begin PBXContainerItemProxy section */
		010000000000000000000301 /* PBXContainerItemProxy */ = {
			isa = PBXContainerItemProxy;
			containerPortal = 010000000000000000000401 /* Project object */;
			proxyType = 1;
			remoteGlobalIDString = 010000000000000000000502;
			remoteInfo = InsideCoverWidgetExtension;
		};
/* End PBXContainerItemProxy section */

/* Begin PBXCopyFilesBuildPhase section */
		010000000000000000000601 /* Embed App Extensions */ = {
			isa = PBXCopyFilesBuildPhase;
			buildActionMask = 2147483647;
			dstPath = "";
			dstSubfolderSpec = 13;
			files = (
				01000000000000000000000B /* InsideCoverWidgetExtension.appex in Embed App Extensions */,
			);
			name = "Embed App Extensions";
			runOnlyForDeploymentPostprocessing = 0;
		};
/* End PBXCopyFilesBuildPhase section */

/* Begin PBXFileReference section */
		010000000000000000000101 /* InsideCoverApp.swift */ = {isa = PBXFileReference; lastKnownFileType = sourcecode.swift; path = InsideCoverApp.swift; sourceTree = "<group>"; };
		010000000000000000000102 /* ContentView.swift */ = {isa = PBXFileReference; lastKnownFileType = sourcecode.swift; path = ContentView.swift; sourceTree = "<group>"; };
		010000000000000000000103 /* InsideCoverState.swift */ = {isa = PBXFileReference; lastKnownFileType = sourcecode.swift; path = InsideCoverState.swift; sourceTree = "<group>"; };
		010000000000000000000104 /* InsideCoverStore.swift */ = {isa = PBXFileReference; lastKnownFileType = sourcecode.swift; path = InsideCoverStore.swift; sourceTree = "<group>"; };
		010000000000000000000105 /* widget-state.json */ = {isa = PBXFileReference; lastKnownFileType = text.json; path = "widget-state.json"; sourceTree = "<group>"; };
		010000000000000000000106 /* InsideCoverWidgetBundle.swift */ = {isa = PBXFileReference; lastKnownFileType = sourcecode.swift; path = InsideCoverWidgetBundle.swift; sourceTree = "<group>"; };
		010000000000000000000107 /* InsideCoverWidget.swift */ = {isa = PBXFileReference; lastKnownFileType = sourcecode.swift; path = InsideCoverWidget.swift; sourceTree = "<group>"; };
		010000000000000000000108 /* Info.plist */ = {isa = PBXFileReference; lastKnownFileType = text.plist.xml; path = Info.plist; sourceTree = "<group>"; };
		010000000000000000000109 /* InsideCoverApp.entitlements */ = {isa = PBXFileReference; lastKnownFileType = text.plist.entitlements; path = InsideCoverApp.entitlements; sourceTree = "<group>"; };
		01000000000000000000010A /* InsideCoverWidget.entitlements */ = {isa = PBXFileReference; lastKnownFileType = text.plist.entitlements; path = InsideCoverWidget.entitlements; sourceTree = "<group>"; };
		010000000000000000000201 /* InsideCoverApp.app */ = {isa = PBXFileReference; explicitFileType = wrapper.application; includeInIndex = 0; path = InsideCoverApp.app; sourceTree = BUILT_PRODUCTS_DIR; };
		010000000000000000000202 /* InsideCoverWidgetExtension.appex */ = {isa = PBXFileReference; explicitFileType = "wrapper.app-extension"; includeInIndex = 0; path = InsideCoverWidgetExtension.appex; sourceTree = BUILT_PRODUCTS_DIR; };
/* End PBXFileReference section */

/* Begin PBXFrameworksBuildPhase section */
		010000000000000000000701 /* Frameworks */ = {
			isa = PBXFrameworksBuildPhase;
			buildActionMask = 2147483647;
			files = (
			);
			runOnlyForDeploymentPostprocessing = 0;
		};
		010000000000000000000702 /* Frameworks */ = {
			isa = PBXFrameworksBuildPhase;
			buildActionMask = 2147483647;
			files = (
			);
			runOnlyForDeploymentPostprocessing = 0;
		};
/* End PBXFrameworksBuildPhase section */

/* Begin PBXGroup section */
		010000000000000000000801 = {
			isa = PBXGroup;
			children = (
				010000000000000000000802 /* InsideCoverApp */,
				010000000000000000000803 /* InsideCoverWidget */,
				010000000000000000000804 /* Shared */,
				010000000000000000000805 /* Sample */,
				010000000000000000000806 /* Products */,
			);
			sourceTree = "<group>";
		};
		010000000000000000000802 /* InsideCoverApp */ = {
			isa = PBXGroup;
			children = (
				010000000000000000000101 /* InsideCoverApp.swift */,
				010000000000000000000102 /* ContentView.swift */,
				010000000000000000000109 /* InsideCoverApp.entitlements */,
			);
			path = InsideCoverApp;
			sourceTree = "<group>";
		};
		010000000000000000000803 /* InsideCoverWidget */ = {
			isa = PBXGroup;
			children = (
				010000000000000000000106 /* InsideCoverWidgetBundle.swift */,
				010000000000000000000107 /* InsideCoverWidget.swift */,
				010000000000000000000108 /* Info.plist */,
				01000000000000000000010A /* InsideCoverWidget.entitlements */,
			);
			path = InsideCoverWidget;
			sourceTree = "<group>";
		};
		010000000000000000000804 /* Shared */ = {
			isa = PBXGroup;
			children = (
				010000000000000000000103 /* InsideCoverState.swift */,
				010000000000000000000104 /* InsideCoverStore.swift */,
			);
			path = Shared;
			sourceTree = "<group>";
		};
		010000000000000000000805 /* Sample */ = {
			isa = PBXGroup;
			children = (
				010000000000000000000105 /* widget-state.json */,
			);
			path = Sample;
			sourceTree = "<group>";
		};
		010000000000000000000806 /* Products */ = {
			isa = PBXGroup;
			children = (
				010000000000000000000201 /* InsideCoverApp.app */,
				010000000000000000000202 /* InsideCoverWidgetExtension.appex */,
			);
			name = Products;
			sourceTree = "<group>";
		};
/* End PBXGroup section */

/* Begin PBXNativeTarget section */
		010000000000000000000501 /* InsideCoverApp */ = {
			isa = PBXNativeTarget;
			buildConfigurationList = 010000000000000000000901 /* Build configuration list for PBXNativeTarget "InsideCoverApp" */;
			buildPhases = (
				010000000000000000000A01 /* Sources */,
				010000000000000000000701 /* Frameworks */,
				010000000000000000000B01 /* Resources */,
				010000000000000000000601 /* Embed App Extensions */,
			);
			buildRules = (
			);
			dependencies = (
				010000000000000000000302 /* PBXTargetDependency */,
			);
			name = InsideCoverApp;
			productName = InsideCoverApp;
			productReference = 010000000000000000000201 /* InsideCoverApp.app */;
			productType = "com.apple.product-type.application";
		};
		010000000000000000000502 /* InsideCoverWidgetExtension */ = {
			isa = PBXNativeTarget;
			buildConfigurationList = 010000000000000000000902 /* Build configuration list for PBXNativeTarget "InsideCoverWidgetExtension" */;
			buildPhases = (
				010000000000000000000A02 /* Sources */,
				010000000000000000000702 /* Frameworks */,
				010000000000000000000B02 /* Resources */,
			);
			buildRules = (
			);
			dependencies = (
			);
			name = InsideCoverWidgetExtension;
			productName = InsideCoverWidgetExtension;
			productReference = 010000000000000000000202 /* InsideCoverWidgetExtension.appex */;
			productType = "com.apple.product-type.app-extension";
		};
/* End PBXNativeTarget section */

/* Begin PBXProject section */
		010000000000000000000401 /* Project object */ = {
			isa = PBXProject;
			attributes = {
				BuildIndependentTargetsInParallel = 1;
				LastSwiftUpdateCheck = 1540;
				LastUpgradeCheck = 1540;
				TargetAttributes = {
					010000000000000000000501 = {
						CreatedOnToolsVersion = 15.4;
					};
					010000000000000000000502 = {
						CreatedOnToolsVersion = 15.4;
					};
				};
			};
			buildConfigurationList = 010000000000000000000900 /* Build configuration list for PBXProject "EnchantifyInsideCover" */;
			compatibilityVersion = "Xcode 14.0";
			developmentRegion = en;
			hasScannedForEncodings = 0;
			knownRegions = (
				en,
				Base,
			);
			mainGroup = 010000000000000000000801;
			productRefGroup = 010000000000000000000806 /* Products */;
			projectDirPath = "";
			projectRoot = "";
			targets = (
				010000000000000000000501 /* InsideCoverApp */,
				010000000000000000000502 /* InsideCoverWidgetExtension */,
			);
		};
/* End PBXProject section */

/* Begin PBXResourcesBuildPhase section */
		010000000000000000000B01 /* Resources */ = {
			isa = PBXResourcesBuildPhase;
			buildActionMask = 2147483647;
			files = (
				010000000000000000000005 /* widget-state.json in Resources */,
			);
			runOnlyForDeploymentPostprocessing = 0;
		};
		010000000000000000000B02 /* Resources */ = {
			isa = PBXResourcesBuildPhase;
			buildActionMask = 2147483647;
			files = (
				01000000000000000000000A /* widget-state.json in Resources */,
			);
			runOnlyForDeploymentPostprocessing = 0;
		};
/* End PBXResourcesBuildPhase section */

/* Begin PBXSourcesBuildPhase section */
		010000000000000000000A01 /* Sources */ = {
			isa = PBXSourcesBuildPhase;
			buildActionMask = 2147483647;
			files = (
				010000000000000000000001 /* InsideCoverApp.swift in Sources */,
				010000000000000000000002 /* ContentView.swift in Sources */,
				010000000000000000000003 /* InsideCoverState.swift in Sources */,
				010000000000000000000004 /* InsideCoverStore.swift in Sources */,
			);
			runOnlyForDeploymentPostprocessing = 0;
		};
		010000000000000000000A02 /* Sources */ = {
			isa = PBXSourcesBuildPhase;
			buildActionMask = 2147483647;
			files = (
				010000000000000000000006 /* InsideCoverWidgetBundle.swift in Sources */,
				010000000000000000000007 /* InsideCoverWidget.swift in Sources */,
				010000000000000000000008 /* InsideCoverState.swift in Sources */,
				010000000000000000000009 /* InsideCoverStore.swift in Sources */,
			);
			runOnlyForDeploymentPostprocessing = 0;
		};
/* End PBXSourcesBuildPhase section */

/* Begin PBXTargetDependency section */
		010000000000000000000302 /* PBXTargetDependency */ = {
			isa = PBXTargetDependency;
			target = 010000000000000000000502 /* InsideCoverWidgetExtension */;
			targetProxy = 010000000000000000000301 /* PBXContainerItemProxy */;
		};
/* End PBXTargetDependency section */

/* Begin XCBuildConfiguration section */
		010000000000000000000C01 /* Debug */ = {
			isa = XCBuildConfiguration;
			buildSettings = {
				ALWAYS_SEARCH_USER_PATHS = NO;
				CLANG_ANALYZER_NONNULL = YES;
				CLANG_ANALYZER_NUMBER_OBJECT_CONVERSION = YES_AGGRESSIVE;
				CLANG_CXX_LANGUAGE_STANDARD = "gnu++20";
				CLANG_ENABLE_MODULES = YES;
				CLANG_ENABLE_OBJC_ARC = YES;
				CLANG_ENABLE_OBJC_WEAK = YES;
				CLANG_WARN_BLOCK_CAPTURE_AUTORELEASING = YES;
				CLANG_WARN_BOOL_CONVERSION = YES;
				CLANG_WARN_COMMA = YES;
				CLANG_WARN_CONSTANT_CONVERSION = YES;
				CLANG_WARN_DEPRECATED_OBJC_IMPLEMENTATIONS = YES;
				CLANG_WARN_DIRECT_OBJC_ISA_USAGE = YES_ERROR;
				CLANG_WARN_DOCUMENTATION_COMMENTS = YES;
				CLANG_WARN_EMPTY_BODY = YES;
				CLANG_WARN_ENUM_CONVERSION = YES;
				CLANG_WARN_INFINITE_RECURSION = YES;
				CLANG_WARN_INT_CONVERSION = YES;
				CLANG_WARN_NON_LITERAL_NULL_CONVERSION = YES;
				CLANG_WARN_OBJC_IMPLICIT_RETAIN_SELF = YES;
				CLANG_WARN_OBJC_LITERAL_CONVERSION = YES;
				CLANG_WARN_OBJC_ROOT_CLASS = YES_ERROR;
				CLANG_WARN_QUOTED_INCLUDE_IN_FRAMEWORK_HEADER = YES;
				CLANG_WARN_RANGE_LOOP_ANALYSIS = YES;
				CLANG_WARN_STRICT_PROTOTYPES = YES;
				CLANG_WARN_SUSPICIOUS_MOVE = YES;
				CLANG_WARN_UNGUARDED_AVAILABILITY = YES_AGGRESSIVE;
				CLANG_WARN_UNREACHABLE_CODE = YES;
				CLANG_WARN__DUPLICATE_METHOD_MATCH = YES;
				COPY_PHASE_STRIP = NO;
				DEBUG_INFORMATION_FORMAT = dwarf;
				ENABLE_STRICT_OBJC_MSGSEND = YES;
				ENABLE_TESTABILITY = YES;
				GCC_C_LANGUAGE_STANDARD = gnu17;
				GCC_DYNAMIC_NO_PIC = NO;
				GCC_NO_COMMON_BLOCKS = YES;
				GCC_OPTIMIZATION_LEVEL = 0;
				GCC_PREPROCESSOR_DEFINITIONS = (
					"DEBUG=1",
					"$(inherited)",
				);
				GCC_WARN_64_TO_32_BIT_CONVERSION = YES;
				GCC_WARN_ABOUT_RETURN_TYPE = YES_ERROR;
				GCC_WARN_UNDECLARED_SELECTOR = YES;
				GCC_WARN_UNINITIALIZED_AUTOS = YES_AGGRESSIVE;
				GCC_WARN_UNUSED_FUNCTION = YES;
				GCC_WARN_UNUSED_VARIABLE = YES;
				IPHONEOS_DEPLOYMENT_TARGET = 17.0;
				MTL_ENABLE_DEBUG_INFO = INCLUDE_SOURCE;
				MTL_FAST_MATH = YES;
				ONLY_ACTIVE_ARCH = YES;
				SDKROOT = iphoneos;
				SWIFT_ACTIVE_COMPILATION_CONDITIONS = DEBUG;
				SWIFT_OPTIMIZATION_LEVEL = "-Onone";
			};
			name = Debug;
		};
		010000000000000000000C02 /* Release */ = {
			isa = XCBuildConfiguration;
			buildSettings = {
				ALWAYS_SEARCH_USER_PATHS = NO;
				CLANG_ANALYZER_NONNULL = YES;
				CLANG_ANALYZER_NUMBER_OBJECT_CONVERSION = YES_AGGRESSIVE;
				CLANG_CXX_LANGUAGE_STANDARD = "gnu++20";
				CLANG_ENABLE_MODULES = YES;
				CLANG_ENABLE_OBJC_ARC = YES;
				CLANG_ENABLE_OBJC_WEAK = YES;
				CLANG_WARN_BLOCK_CAPTURE_AUTORELEASING = YES;
				CLANG_WARN_BOOL_CONVERSION = YES;
				CLANG_WARN_COMMA = YES;
				CLANG_WARN_CONSTANT_CONVERSION = YES;
				CLANG_WARN_DEPRECATED_OBJC_IMPLEMENTATIONS = YES;
				CLANG_WARN_DIRECT_OBJC_ISA_USAGE = YES_ERROR;
				CLANG_WARN_DOCUMENTATION_COMMENTS = YES;
				CLANG_WARN_EMPTY_BODY = YES;
				CLANG_WARN_ENUM_CONVERSION = YES;
				CLANG_WARN_INFINITE_RECURSION = YES;
				CLANG_WARN_INT_CONVERSION = YES;
				CLANG_WARN_NON_LITERAL_NULL_CONVERSION = YES;
				CLANG_WARN_OBJC_IMPLICIT_RETAIN_SELF = YES;
				CLANG_WARN_OBJC_LITERAL_CONVERSION = YES;
				CLANG_WARN_OBJC_ROOT_CLASS = YES_ERROR;
				CLANG_WARN_QUOTED_INCLUDE_IN_FRAMEWORK_HEADER = YES;
				CLANG_WARN_RANGE_LOOP_ANALYSIS = YES;
				CLANG_WARN_STRICT_PROTOTYPES = YES;
				CLANG_WARN_SUSPICIOUS_MOVE = YES;
				CLANG_WARN_UNGUARDED_AVAILABILITY = YES_AGGRESSIVE;
				CLANG_WARN_UNREACHABLE_CODE = YES;
				CLANG_WARN__DUPLICATE_METHOD_MATCH = YES;
				COPY_PHASE_STRIP = NO;
				DEBUG_INFORMATION_FORMAT = "dwarf-with-dsym";
				ENABLE_NS_ASSERTIONS = NO;
				ENABLE_STRICT_OBJC_MSGSEND = YES;
				GCC_C_LANGUAGE_STANDARD = gnu17;
				GCC_NO_COMMON_BLOCKS = YES;
				GCC_WARN_64_TO_32_BIT_CONVERSION = YES;
				GCC_WARN_ABOUT_RETURN_TYPE = YES_ERROR;
				GCC_WARN_UNDECLARED_SELECTOR = YES;
				GCC_WARN_UNINITIALIZED_AUTOS = YES_AGGRESSIVE;
				GCC_WARN_UNUSED_FUNCTION = YES;
				GCC_WARN_UNUSED_VARIABLE = YES;
				IPHONEOS_DEPLOYMENT_TARGET = 17.0;
				MTL_ENABLE_DEBUG_INFO = NO;
				MTL_FAST_MATH = YES;
				SDKROOT = iphoneos;
				SWIFT_COMPILATION_MODE = wholemodule;
				SWIFT_OPTIMIZATION_LEVEL = "-O";
				VALIDATE_PRODUCT = YES;
			};
			name = Release;
		};
		010000000000000000000D01 /* Debug */ = {
			isa = XCBuildConfiguration;
			buildSettings = {
				CODE_SIGN_ENTITLEMENTS = InsideCoverApp/InsideCoverApp.entitlements;
				CURRENT_PROJECT_VERSION = 1;
				DEVELOPMENT_TEAM = 3YH7862K4Q;
				ENABLE_PREVIEWS = YES;
				GENERATE_INFOPLIST_FILE = YES;
				INFOPLIST_KEY_CFBundleDisplayName = Enchantify;
				INFOPLIST_KEY_LSApplicationCategoryType = "public.app-category.entertainment";
				INFOPLIST_KEY_UIApplicationSceneManifest_Generation = YES;
				INFOPLIST_KEY_UIApplicationSupportsIndirectInputEvents = YES;
				INFOPLIST_KEY_UILaunchScreen_Generation = YES;
				INFOPLIST_KEY_UISupportedInterfaceOrientations_iPad = "UIInterfaceOrientationPortrait UIInterfaceOrientationPortraitUpsideDown UIInterfaceOrientationLandscapeLeft UIInterfaceOrientationLandscapeRight";
				INFOPLIST_KEY_UISupportedInterfaceOrientations_iPhone = "UIInterfaceOrientationPortrait UIInterfaceOrientationLandscapeLeft UIInterfaceOrientationLandscapeRight";
				LD_RUNPATH_SEARCH_PATHS = (
					"$(inherited)",
					"@executable_path/Frameworks",
				);
				MARKETING_VERSION = 1.0;
				PRODUCT_BUNDLE_IDENTIFIER = com.openclaw.enchantify.insidecover;
				PRODUCT_NAME = "$(TARGET_NAME)";
				SWIFT_EMIT_LOC_STRINGS = YES;
				SWIFT_VERSION = 5.0;
				TARGETED_DEVICE_FAMILY = "1,2";
			};
			name = Debug;
		};
		010000000000000000000D02 /* Release */ = {
			isa = XCBuildConfiguration;
			buildSettings = {
				CODE_SIGN_ENTITLEMENTS = InsideCoverApp/InsideCoverApp.entitlements;
				CURRENT_PROJECT_VERSION = 1;
				DEVELOPMENT_TEAM = 3YH7862K4Q;
				ENABLE_PREVIEWS = YES;
				GENERATE_INFOPLIST_FILE = YES;
				INFOPLIST_KEY_CFBundleDisplayName = Enchantify;
				INFOPLIST_KEY_LSApplicationCategoryType = "public.app-category.entertainment";
				INFOPLIST_KEY_UIApplicationSceneManifest_Generation = YES;
				INFOPLIST_KEY_UIApplicationSupportsIndirectInputEvents = YES;
				INFOPLIST_KEY_UILaunchScreen_Generation = YES;
				INFOPLIST_KEY_UISupportedInterfaceOrientations_iPad = "UIInterfaceOrientationPortrait UIInterfaceOrientationPortraitUpsideDown UIInterfaceOrientationLandscapeLeft UIInterfaceOrientationLandscapeRight";
				INFOPLIST_KEY_UISupportedInterfaceOrientations_iPhone = "UIInterfaceOrientationPortrait UIInterfaceOrientationLandscapeLeft UIInterfaceOrientationLandscapeRight";
				LD_RUNPATH_SEARCH_PATHS = (
					"$(inherited)",
					"@executable_path/Frameworks",
				);
				MARKETING_VERSION = 1.0;
				PRODUCT_BUNDLE_IDENTIFIER = com.openclaw.enchantify.insidecover;
				PRODUCT_NAME = "$(TARGET_NAME)";
				SWIFT_EMIT_LOC_STRINGS = YES;
				SWIFT_VERSION = 5.0;
				TARGETED_DEVICE_FAMILY = "1,2";
			};
			name = Release;
		};
		010000000000000000000E01 /* Debug */ = {
			isa = XCBuildConfiguration;
			buildSettings = {
				APPLICATION_EXTENSION_API_ONLY = YES;
				CODE_SIGN_ENTITLEMENTS = InsideCoverWidget/InsideCoverWidget.entitlements;
				CURRENT_PROJECT_VERSION = 1;
				DEVELOPMENT_TEAM = "";
				GENERATE_INFOPLIST_FILE = NO;
				INFOPLIST_FILE = InsideCoverWidget/Info.plist;
				LD_RUNPATH_SEARCH_PATHS = (
					"$(inherited)",
					"@executable_path/Frameworks",
					"@executable_path/../../Frameworks",
				);
				MARKETING_VERSION = 1.0;
				PRODUCT_BUNDLE_IDENTIFIER = com.openclaw.enchantify.insidecover.widget;
				PRODUCT_NAME = "$(TARGET_NAME)";
				SKIP_INSTALL = YES;
				SWIFT_EMIT_LOC_STRINGS = YES;
				SWIFT_VERSION = 5.0;
				TARGETED_DEVICE_FAMILY = "1,2";
			};
			name = Debug;
		};
		010000000000000000000E02 /* Release */ = {
			isa = XCBuildConfiguration;
			buildSettings = {
				APPLICATION_EXTENSION_API_ONLY = YES;
				CODE_SIGN_ENTITLEMENTS = InsideCoverWidget/InsideCoverWidget.entitlements;
				CURRENT_PROJECT_VERSION = 1;
				DEVELOPMENT_TEAM = "";
				GENERATE_INFOPLIST_FILE = NO;
				INFOPLIST_FILE = InsideCoverWidget/Info.plist;
				LD_RUNPATH_SEARCH_PATHS = (
					"$(inherited)",
					"@executable_path/Frameworks",
					"@executable_path/../../Frameworks",
				);
				MARKETING_VERSION = 1.0;
				PRODUCT_BUNDLE_IDENTIFIER = com.openclaw.enchantify.insidecover.widget;
				PRODUCT_NAME = "$(TARGET_NAME)";
				SKIP_INSTALL = YES;
				SWIFT_EMIT_LOC_STRINGS = YES;
				SWIFT_VERSION = 5.0;
				TARGETED_DEVICE_FAMILY = "1,2";
			};
			name = Release;
		};
/* End XCBuildConfiguration section */

/* Begin XCConfigurationList section */
		010000000000000000000900 /* Build configuration list for PBXProject "EnchantifyInsideCover" */ = {
			isa = XCConfigurationList;
			buildConfigurations = (
				010000000000000000000C01 /* Debug */,
				010000000000000000000C02 /* Release */,
			);
			defaultConfigurationIsVisible = 0;
			defaultConfigurationName = Release;
		};
		010000000000000000000901 /* Build configuration list for PBXNativeTarget "InsideCoverApp" */ = {
			isa = XCConfigurationList;
			buildConfigurations = (
				010000000000000000000D01 /* Debug */,
				010000000000000000000D02 /* Release */,
			);
			defaultConfigurationIsVisible = 0;
			defaultConfigurationName = Release;
		};
		010000000000000000000902 /* Build configuration list for PBXNativeTarget "InsideCoverWidgetExtension" */ = {
			isa = XCConfigurationList;
			buildConfigurations = (
				010000000000000000000E01 /* Debug */,
				010000000000000000000E02 /* Release */,
			);
			defaultConfigurationIsVisible = 0;
			defaultConfigurationName = Release;
		};
/* End XCConfigurationList section */
	};
	rootObject = 010000000000000000000401 /* Project object */;
}
